
Microsoft Visual Studio Solution File, Format Version 12.00
# Visual Studio 14
VisualStudioVersion = 14.0.25420.1
MinimumVisualStudioVersion = 10.0.40219.1
Project("{FAE04EC0-301F-11D3-BF4B-00C04F79EFBC}") = "proyecto.cineMVC", "proyecto.cineMVC\proyecto.cineMVC.csproj", "{C1837467-535C-4D0E-B2C5-3D290A7CA381}"
EndProject
Project("{FAE04EC0-301F-11D3-BF4B-00C04F79EFBC}") = "proyecto.Cine.DAL", "proyecto.Cine.DAL\proyecto.Cine.DAL.csproj", "{548481D6-7E9C-49E6-BCA3-1B30A1AF02B7}"
EndProject
Project("{FAE04EC0-301F-11D3-BF4B-00C04F79EFBC}") = "proyecto.Cine.Logica", "proyecto.Cine.Logica\proyecto.Cine.Logica.csproj", "{F6FF0230-4CA0-425E-885A-D7338C15CE28}"
EndProject
Global
	GlobalSection(SolutionConfigurationPlatforms) = preSolution
		Debug|Any CPU = Debug|Any CPU
		Release|Any CPU = Release|Any CPU
	EndGlobalSection
	GlobalSection(ProjectConfigurationPlatforms) = postSolution
		{C1837467-535C-4D0E-B2C5-3D290A7CA381}.Debug|Any CPU.ActiveCfg = Debug|Any CPU
		{C1837467-535C-4D0E-B2C5-3D290A7CA381}.Debug|Any CPU.Build.0 = Debug|Any CPU
		{C1837467-535C-4D0E-B2C5-3D290A7CA381}.Release|Any CPU.ActiveCfg = Release|Any CPU
		{C1837467-535C-4D0E-B2C5-3D290A7CA381}.Release|Any CPU.Build.0 = Release|Any CPU
		{548481D6-7E9C-49E6-BCA3-1B30A1AF02B7}.Debug|Any CPU.ActiveCfg = Debug|Any CPU
		{548481D6-7E9C-49E6-BCA3-1B30A1AF02B7}.Debug|Any CPU.Build.0 = Debug|Any CPU
		{548481D6-7E9C-49E6-BCA3-1B30A1AF02B7}.Release|Any CPU.ActiveCfg = Release|Any CPU
		{548481D6-7E9C-49E6-BCA3-1B30A1AF02B7}.Release|Any CPU.Build.0 = Release|Any CPU
		{F6FF0230-4CA0-425E-885A-D7338C15CE28}.Debug|Any CPU.ActiveCfg = Debug|Any CPU
		{F6FF0230-4CA0-425E-885A-D7338C15CE28}.Debug|Any CPU.Build.0 = Debug|Any CPU
		{F6FF0230-4CA0-425E-885A-D7338C15CE28}.Release|Any CPU.ActiveCfg = Release|Any CPU
		{F6FF0230-4CA0-425E-885A-D7338C15CE28}.Release|Any CPU.Build.0 = Release|Any CPU
	EndGlobalSection
	GlobalSection(SolutionProperties) = preSolution
		HideSolutionNode = FALSE
	EndGlobalSection
EndGlobal
